// !$*UTF8*$!
{
	archiveVersion = 1;
	classes = {
	};
	objectVersion = 55;
	objects = {

/* Begin PBXBuildFile section */
		5108D89927F3820800E30090 /* Recipe_WorldApp.swift in Sources */ = {isa = PBXBuildFile; fileRef = 5108D89827F3820800E30090 /* Recipe_WorldApp.swift */; };
		5108D89B27F3820800E30090 /* ContentView.swift in Sources */ = {isa = PBXBuildFile; fileRef = 5108D89A27F3820800E30090 /* ContentView.swift */; };
		5108D89D27F3820A00E30090 /* Assets.xcassets in Resources */ = {isa = PBXBuildFile; fileRef = 5108D89C27F3820A00E30090 /* Assets.xcassets */; };
		5108D8A027F3820A00E30090 /* Preview Assets.xcassets in Resources */ = {isa = PBXBuildFile; fileRef = 5108D89F27F3820A00E30090 /* Preview Assets.xcassets */; };
		5108D8A227F3820A00E30090 /* Persistence.swift in Sources */ = {isa = PBXBuildFile; fileRef = 5108D8A127F3820A00E30090 /* Persistence.swift */; };
		5108D8A527F3820A00E30090 /* Recipe_World.xcdatamodeld in Sources */ = {isa = PBXBuildFile; fileRef = 5108D8A327F3820A00E30090 /* Recipe_World.xcdatamodeld */; };
		5108D8AF27F3820B00E30090 /* Recipe_WorldTests.swift in Sources */ = {isa = PBXBuildFile; fileRef = 5108D8AE27F3820B00E30090 /* Recipe_WorldTests.swift */; };
		5108D8B927F3820B00E30090 /* Recipe_WorldUITests.swift in Sources */ = {isa = PBXBuildFile; fileRef = 5108D8B827F3820B00E30090 /* Recipe_WorldUITests.swift */; };
		5108D8BB27F3820B00E30090 /* Recipe_WorldUITestsLaunchTests.swift in Sources */ = {isa = PBXBuildFile; fileRef = 5108D8BA27F3820B00E30090 /* Recipe_WorldUITestsLaunchTests.swift */; };
		5108D8CD27F38E1200E30090 /* FirebaseAnalytics in Frameworks */ = {isa = PBXBuildFile; productRef = 5108D8CC27F38E1200E30090 /* FirebaseAnalytics */; };
		5108D8CF27F38E1200E30090 /* FirebaseAnalyticsSwift-Beta in Frameworks */ = {isa = PBXBuildFile; productRef = 5108D8CE27F38E1200E30090 /* FirebaseAnalyticsSwift-Beta */; };
		5108D8D127F38E1200E30090 /* FirebaseAnalyticsWithoutAdIdSupport in Frameworks */ = {isa = PBXBuildFile; productRef = 5108D8D027F38E1200E30090 /* FirebaseAnalyticsWithoutAdIdSupport */; };
		5108D8D327F38E1200E30090 /* FirebaseAppCheck in Frameworks */ = {isa = PBXBuildFile; productRef = 5108D8D227F38E1200E30090 /* FirebaseAppCheck */; };
		5108D8D527F38E1200E30090 /* FirebaseAppDistribution-Beta in Frameworks */ = {isa = PBXBuildFile; productRef = 5108D8D427F38E1200E30090 /* FirebaseAppDistribution-Beta */; };
		5108D8D727F38E1200E30090 /* FirebaseAuth in Frameworks */ = {isa = PBXBuildFile; productRef = 5108D8D627F38E1200E30090 /* FirebaseAuth */; };
		CC13ABD9281A937B002FAA4D /* HomeScreenView.swift in Sources */ = {isa = PBXBuildFile; fileRef = CC13ABD8281A937B002FAA4D /* HomeScreenView.swift */; };
		CC13ABDB281A9387002FAA4D /* CategoryView.swift in Sources */ = {isa = PBXBuildFile; fileRef = CC13ABDA281A9387002FAA4D /* CategoryView.swift */; };
		CC13ABDF281A93AF002FAA4D /* NewRecipeView.swift in Sources */ = {isa = PBXBuildFile; fileRef = CC13ABDE281A93AF002FAA4D /* NewRecipeView.swift */; };
		CC13ABE1281A93BB002FAA4D /* FavoritesView.swift in Sources */ = {isa = PBXBuildFile; fileRef = CC13ABE0281A93BB002FAA4D /* FavoritesView.swift */; };
		CC13ABE3281A93C5002FAA4D /* ProfileView.swift in Sources */ = {isa = PBXBuildFile; fileRef = CC13ABE2281A93C5002FAA4D /* ProfileView.swift */; };
		CC13ABE7281A9622002FAA4D /* GoogleService-Info.plist in Resources */ = {isa = PBXBuildFile; fileRef = CC13ABE6281A9622002FAA4D /* GoogleService-Info.plist */; };
		CC13ABE9281A96F6002FAA4D /* TabBar.swift in Sources */ = {isa = PBXBuildFile; fileRef = CC13ABE8281A96F6002FAA4D /* TabBar.swift */; };
		CC13ABEB281A9AFA002FAA4D /* RecipeModel.swift in Sources */ = {isa = PBXBuildFile; fileRef = CC13ABEA281A9AFA002FAA4D /* RecipeModel.swift */; };
		CC13ABED281A9E93002FAA4D /* RecipeCard.swift in Sources */ = {isa = PBXBuildFile; fileRef = CC13ABEC281A9E93002FAA4D /* RecipeCard.swift */; };
		CC13ABF3281AABC1002FAA4D /* RecipeList.swift in Sources */ = {isa = PBXBuildFile; fileRef = CC13ABF2281AABC1002FAA4D /* RecipeList.swift */; };
		CC61676F281AC13700C49233 /* RecipeSiteView.swift in Sources */ = {isa = PBXBuildFile; fileRef = CC61676E281AC13700C49233 /* RecipeSiteView.swift */; };
		CC616773281B115200C49233 /* CategoriesView.swift in Sources */ = {isa = PBXBuildFile; fileRef = CC616772281B115200C49233 /* CategoriesView.swift */; };
		CC6167752821260100C49233 /* AddNewRecipeView.swift in Sources */ = {isa = PBXBuildFile; fileRef = CC6167742821260100C49233 /* AddNewRecipeView.swift */; };
		CC6167772821560200C49233 /* RecipeWorldViewModel.swift in Sources */ = {isa = PBXBuildFile; fileRef = CC6167762821560200C49233 /* RecipeWorldViewModel.swift */; };
/* End PBXBuildFile section */

/* Begin PBXContainerItemProxy section */
		5108D8AB27F3820B00E30090 /* PBXContainerItemProxy */ = {
			isa = PBXContainerItemProxy;
			containerPortal = 5108D88D27F3820800E30090 /* Project object */;
			proxyType = 1;
			remoteGlobalIDString = 5108D89427F3820800E30090;
			remoteInfo = "Recipe World";
		};
		5108D8B527F3820B00E30090 /* PBXContainerItemProxy */ = {
			isa = PBXContainerItemProxy;
			containerPortal = 5108D88D27F3820800E30090 /* Project object */;
			proxyType = 1;
			remoteGlobalIDString = 5108D89427F3820800E30090;
			remoteInfo = "Recipe World";
		};
/* End PBXContainerItemProxy section */

/* Begin PBXFileReference section */
		5108D89527F3820800E30090 /* Recipe World.app */ = {isa = PBXFileReference; explicitFileType = wrapper.application; includeInIndex = 0; path = "Recipe World.app"; sourceTree = BUILT_PRODUCTS_DIR; };
		5108D89827F3820800E30090 /* Recipe_WorldApp.swift */ = {isa = PBXFileReference; lastKnownFileType = sourcecode.swift; path = Recipe_WorldApp.swift; sourceTree = "<group>"; };
		5108D89A27F3820800E30090 /* ContentView.swift */ = {isa = PBXFileReference; lastKnownFileType = sourcecode.swift; path = ContentView.swift; sourceTree = "<group>"; };
		5108D89C27F3820A00E30090 /* Assets.xcassets */ = {isa = PBXFileReference; lastKnownFileType = folder.assetcatalog; path = Assets.xcassets; sourceTree = "<group>"; };
		5108D89F27F3820A00E30090 /* Preview Assets.xcassets */ = {isa = PBXFileReference; lastKnownFileType = folder.assetcatalog; path = "Preview Assets.xcassets"; sourceTree = "<group>"; };
		5108D8A127F3820A00E30090 /* Persistence.swift */ = {isa = PBXFileReference; lastKnownFileType = sourcecode.swift; path = Persistence.swift; sourceTree = "<group>"; };
		5108D8A427F3820A00E30090 /* Recipe_World.xcdatamodel */ = {isa = PBXFileReference; lastKnownFileType = wrapper.xcdatamodel; path = Recipe_World.xcdatamodel; sourceTree = "<group>"; };
		5108D8AA27F3820B00E30090 /* Recipe WorldTests.xctest */ = {isa = PBXFileReference; explicitFileType = wrapper.cfbundle; includeInIndex = 0; path = "Recipe WorldTests.xctest"; sourceTree = BUILT_PRODUCTS_DIR; };
		5108D8AE27F3820B00E30090 /* Recipe_WorldTests.swift */ = {isa = PBXFileReference; lastKnownFileType = sourcecode.swift; path = Recipe_WorldTests.swift; sourceTree = "<group>"; };
		5108D8B427F3820B00E30090 /* Recipe WorldUITests.xctest */ = {isa = PBXFileReference; explicitFileType = wrapper.cfbundle; includeInIndex = 0; path = "Recipe WorldUITests.xctest"; sourceTree = BUILT_PRODUCTS_DIR; };
		5108D8B827F3820B00E30090 /* Recipe_WorldUITests.swift */ = {isa = PBXFileReference; lastKnownFileType = sourcecode.swift; path = Recipe_WorldUITests.swift; sourceTree = "<group>"; };
		5108D8BA27F3820B00E30090 /* Recipe_WorldUITestsLaunchTests.swift */ = {isa = PBXFileReference; lastKnownFileType = sourcecode.swift; path = Recipe_WorldUITestsLaunchTests.swift; sourceTree = "<group>"; };
		CC13ABD8281A937B002FAA4D /* HomeScreenView.swift */ = {isa = PBXFileReference; lastKnownFileType = sourcecode.swift; path = HomeScreenView.swift; sourceTree = "<group>"; };
		CC13ABDA281A9387002FAA4D /* CategoryView.swift */ = {isa = PBXFileReference; lastKnownFileType = sourcecode.swift; path = CategoryView.swift; sourceTree = "<group>"; };
		CC13ABDE281A93AF002FAA4D /* NewRecipeView.swift */ = {isa = PBXFileReference; lastKnownFileType = sourcecode.swift; path = NewRecipeView.swift; sourceTree = "<group>"; };
		CC13ABE0281A93BB002FAA4D /* FavoritesView.swift */ = {isa = PBXFileReference; lastKnownFileType = sourcecode.swift; path = FavoritesView.swift; sourceTree = "<group>"; };
		CC13ABE2281A93C5002FAA4D /* ProfileView.swift */ = {isa = PBXFileReference; lastKnownFileType = sourcecode.swift; path = ProfileView.swift; sourceTree = "<group>"; };
		CC13ABE6281A9622002FAA4D /* GoogleService-Info.plist */ = {isa = PBXFileReference; fileEncoding = 4; lastKnownFileType = text.plist.xml; name = "GoogleService-Info.plist"; path = "../../../Downloads/GoogleService-Info.plist"; sourceTree = "<group>"; };
		CC13ABE8281A96F6002FAA4D /* TabBar.swift */ = {isa = PBXFileReference; lastKnownFileType = sourcecode.swift; path = TabBar.swift; sourceTree = "<group>"; };
		CC13ABEA281A9AFA002FAA4D /* RecipeModel.swift */ = {isa = PBXFileReference; lastKnownFileType = sourcecode.swift; path = RecipeModel.swift; sourceTree = "<group>"; };
		CC13ABEC281A9E93002FAA4D /* RecipeCard.swift */ = {isa = PBXFileReference; lastKnownFileType = sourcecode.swift; path = RecipeCard.swift; sourceTree = "<group>"; };
		CC13ABF2281AABC1002FAA4D /* RecipeList.swift */ = {isa = PBXFileReference; lastKnownFileType = sourcecode.swift; path = RecipeList.swift; sourceTree = "<group>"; };
		CC61676E281AC13700C49233 /* RecipeSiteView.swift */ = {isa = PBXFileReference; lastKnownFileType = sourcecode.swift; path = RecipeSiteView.swift; sourceTree = "<group>"; };
		CC616772281B115200C49233 /* CategoriesView.swift */ = {isa = PBXFileReference; lastKnownFileType = sourcecode.swift; path = CategoriesView.swift; sourceTree = "<group>"; };
		CC6167742821260100C49233 /* AddNewRecipeView.swift */ = {isa = PBXFileReference; lastKnownFileType = sourcecode.swift; path = AddNewRecipeView.swift; sourceTree = "<group>"; };
		CC6167762821560200C49233 /* RecipeWorldViewModel.swift */ = {isa = PBXFileReference; lastKnownFileType = sourcecode.swift; path = RecipeWorldViewModel.swift; sourceTree = "<group>"; };
/* End PBXFileReference section */

/* Begin PBXFrameworksBuildPhase section */
		5108D89227F3820800E30090 /* Frameworks */ = {
			isa = PBXFrameworksBuildPhase;
			buildActionMask = 2147483647;
			files = (
				5108D8D327F38E1200E30090 /* FirebaseAppCheck in Frameworks */,
				5108D8D727F38E1200E30090 /* FirebaseAuth in Frameworks */,
				5108D8CF27F38E1200E30090 /* FirebaseAnalyticsSwift-Beta in Frameworks */,
				5108D8D527F38E1200E30090 /* FirebaseAppDistribution-Beta in Frameworks */,
				5108D8D127F38E1200E30090 /* FirebaseAnalyticsWithoutAdIdSupport in Frameworks */,
				5108D8CD27F38E1200E30090 /* FirebaseAnalytics in Frameworks */,
			);
			runOnlyForDeploymentPostprocessing = 0;
		};
		5108D8A727F3820B00E30090 /* Frameworks */ = {
			isa = PBXFrameworksBuildPhase;
			buildActionMask = 2147483647;
			files = (
			);
			runOnlyForDeploymentPostprocessing = 0;
		};
		5108D8B127F3820B00E30090 /* Frameworks */ = {
			isa = PBXFrameworksBuildPhase;
			buildActionMask = 2147483647;
			files = (
			);
			runOnlyForDeploymentPostprocessing = 0;
		};
/* End PBXFrameworksBuildPhase section */

/* Begin PBXGroup section */
		5108D88C27F3820800E30090 = {
			isa = PBXGroup;
			children = (
				5108D89727F3820800E30090 /* Recipe World */,
				5108D8AD27F3820B00E30090 /* Recipe WorldTests */,
				5108D8B727F3820B00E30090 /* Recipe WorldUITests */,
				5108D89627F3820800E30090 /* Products */,
			);
			sourceTree = "<group>";
		};
		5108D89627F3820800E30090 /* Products */ = {
			isa = PBXGroup;
			children = (
				5108D89527F3820800E30090 /* Recipe World.app */,
				5108D8AA27F3820B00E30090 /* Recipe WorldTests.xctest */,
				5108D8B427F3820B00E30090 /* Recipe WorldUITests.xctest */,
			);
			name = Products;
			sourceTree = "<group>";
		};
		5108D89727F3820800E30090 /* Recipe World */ = {
			isa = PBXGroup;
			children = (
				513E422F27F46E1800B8BDCB /* Models */,
				513E422627F46A4D00B8BDCB /* Views */,
				513E422127F468D900B8BDCB /* ViewModel */,
				5108D89C27F3820A00E30090 /* Assets.xcassets */,
				5108D8A127F3820A00E30090 /* Persistence.swift */,
				CC13ABE6281A9622002FAA4D /* GoogleService-Info.plist */,
				5108D8A327F3820A00E30090 /* Recipe_World.xcdatamodeld */,
				5108D89E27F3820A00E30090 /* Preview Content */,
			);
			path = "Recipe World";
			sourceTree = "<group>";
		};
		5108D89E27F3820A00E30090 /* Preview Content */ = {
			isa = PBXGroup;
			children = (
				5108D89F27F3820A00E30090 /* Preview Assets.xcassets */,
			);
			path = "Preview Content";
			sourceTree = "<group>";
		};
		5108D8AD27F3820B00E30090 /* Recipe WorldTests */ = {
			isa = PBXGroup;
			children = (
				5108D8AE27F3820B00E30090 /* Recipe_WorldTests.swift */,
			);
			path = "Recipe WorldTests";
			sourceTree = "<group>";
		};
		5108D8B727F3820B00E30090 /* Recipe WorldUITests */ = {
			isa = PBXGroup;
			children = (
				5108D8B827F3820B00E30090 /* Recipe_WorldUITests.swift */,
				5108D8BA27F3820B00E30090 /* Recipe_WorldUITestsLaunchTests.swift */,
			);
			path = "Recipe WorldUITests";
			sourceTree = "<group>";
		};
		513E422127F468D900B8BDCB /* ViewModel */ = {
			isa = PBXGroup;
			children = (
				CC6167762821560200C49233 /* RecipeWorldViewModel.swift */,
			);
			path = ViewModel;
			sourceTree = "<group>";
		};
		513E422627F46A4D00B8BDCB /* Views */ = {
			isa = PBXGroup;
			children = (
				CC13ABD7281A9364002FAA4D /* Components */,
				CC13ABD6281A9353002FAA4D /* Detail */,
				CC13ABD5281A934C002FAA4D /* Main */,
			);
			path = Views;
			sourceTree = "<group>";
		};
		513E422F27F46E1800B8BDCB /* Models */ = {
			isa = PBXGroup;
			children = (
				5108D89827F3820800E30090 /* Recipe_WorldApp.swift */,
				CC13ABEA281A9AFA002FAA4D /* RecipeModel.swift */,
			);
			path = Models;
			sourceTree = "<group>";
		};
		CC13ABD5281A934C002FAA4D /* Main */ = {
			isa = PBXGroup;
			children = (
				5108D89A27F3820800E30090 /* ContentView.swift */,
				CC13ABE8281A96F6002FAA4D /* TabBar.swift */,
				CC13ABD8281A937B002FAA4D /* HomeScreenView.swift */,
				CC13ABDA281A9387002FAA4D /* CategoryView.swift */,
				CC13ABDE281A93AF002FAA4D /* NewRecipeView.swift */,
				CC13ABE0281A93BB002FAA4D /* FavoritesView.swift */,
				CC13ABE2281A93C5002FAA4D /* ProfileView.swift */,
			);
			path = Main;
			sourceTree = "<group>";
		};
		CC13ABD6281A9353002FAA4D /* Detail */ = {
			isa = PBXGroup;
			children = (
				CC61676E281AC13700C49233 /* RecipeSiteView.swift */,
				CC616772281B115200C49233 /* CategoriesView.swift */,
				CC6167742821260100C49233 /* AddNewRecipeView.swift */,
			);
			path = Detail;
			sourceTree = "<group>";
		};
		CC13ABD7281A9364002FAA4D /* Components */ = {
			isa = PBXGroup;
			children = (
				CC13ABEC281A9E93002FAA4D /* RecipeCard.swift */,
				CC13ABF2281AABC1002FAA4D /* RecipeList.swift */,
			);
			path = Components;
			sourceTree = "<group>";
		};
/* End PBXGroup section */

/* Begin PBXNativeTarget section */
		5108D89427F3820800E30090 /* Recipe World */ = {
			isa = PBXNativeTarget;
			buildConfigurationList = 5108D8BE27F3820B00E30090 /* Build configuration list for PBXNativeTarget "Recipe World" */;
			buildPhases = (
				5108D89127F3820800E30090 /* Sources */,
				5108D89227F3820800E30090 /* Frameworks */,
				5108D89327F3820800E30090 /* Resources */,
			);
			buildRules = (
			);
			dependencies = (
			);
			name = "Recipe World";
			packageProductDependencies = (
				5108D8CC27F38E1200E30090 /* FirebaseAnalytics */,
				5108D8CE27F38E1200E30090 /* FirebaseAnalyticsSwift-Beta */,
				5108D8D027F38E1200E30090 /* FirebaseAnalyticsWithoutAdIdSupport */,
				5108D8D227F38E1200E30090 /* FirebaseAppCheck */,
				5108D8D427F38E1200E30090 /* FirebaseAppDistribution-Beta */,
				5108D8D627F38E1200E30090 /* FirebaseAuth */,
			);
			productName = "Recipe World";
			productReference = 5108D89527F3820800E30090 /* Recipe World.app */;
			productType = "com.apple.product-type.application";
		};
		5108D8A927F3820B00E30090 /* Recipe WorldTests */ = {
			isa = PBXNativeTarget;
			buildConfigurationList = 5108D8C127F3820B00E30090 /* Build configuration list for PBXNativeTarget "Recipe WorldTests" */;
			buildPhases = (
				5108D8A627F3820B00E30090 /* Sources */,
				5108D8A727F3820B00E30090 /* Frameworks */,
				5108D8A827F3820B00E30090 /* Resources */,
			);
			buildRules = (
			);
			dependencies = (
				5108D8AC27F3820B00E30090 /* PBXTargetDependency */,
			);
			name = "Recipe WorldTests";
			productName = "Recipe WorldTests";
			productReference = 5108D8AA27F3820B00E30090 /* Recipe WorldTests.xctest */;
			productType = "com.apple.product-type.bundle.unit-test";
		};
		5108D8B327F3820B00E30090 /* Recipe WorldUITests */ = {
			isa = PBXNativeTarget;
			buildConfigurationList = 5108D8C427F3820B00E30090 /* Build configuration list for PBXNativeTarget "Recipe WorldUITests" */;
			buildPhases = (
				5108D8B027F3820B00E30090 /* Sources */,
				5108D8B127F3820B00E30090 /* Frameworks */,
				5108D8B227F3820B00E30090 /* Resources */,
			);
			buildRules = (
			);
			dependencies = (
				5108D8B627F3820B00E30090 /* PBXTargetDependency */,
			);
			name = "Recipe WorldUITests";
			productName = "Recipe WorldUITests";
			productReference = 5108D8B427F3820B00E30090 /* Recipe WorldUITests.xctest */;
			productType = "com.apple.product-type.bundle.ui-testing";
		};
/* End PBXNativeTarget section */

/* Begin PBXProject section */
		5108D88D27F3820800E30090 /* Project object */ = {
			isa = PBXProject;
			attributes = {
				BuildIndependentTargetsInParallel = 1;
				LastSwiftUpdateCheck = 1320;
				LastUpgradeCheck = 1320;
				TargetAttributes = {
					5108D89427F3820800E30090 = {
						CreatedOnToolsVersion = 13.2.1;
					};
					5108D8A927F3820B00E30090 = {
						CreatedOnToolsVersion = 13.2.1;
						TestTargetID = 5108D89427F3820800E30090;
					};
					5108D8B327F3820B00E30090 = {
						CreatedOnToolsVersion = 13.2.1;
						TestTargetID = 5108D89427F3820800E30090;
					};
				};
			};
			buildConfigurationList = 5108D89027F3820800E30090 /* Build configuration list for PBXProject "Recipe World" */;
			compatibilityVersion = "Xcode 13.0";
			developmentRegion = en;
			hasScannedForEncodings = 0;
			knownRegions = (
				en,
				Base,
			);
			mainGroup = 5108D88C27F3820800E30090;
			packageReferences = (
				5108D8CB27F38E1200E30090 /* XCRemoteSwiftPackageReference "firebase-ios-sdk" */,
			);
			productRefGroup = 5108D89627F3820800E30090 /* Products */;
			projectDirPath = "";
			projectRoot = "";
			targets = (
				5108D89427F3820800E30090 /* Recipe World */,
				5108D8A927F3820B00E30090 /* Recipe WorldTests */,
				5108D8B327F3820B00E30090 /* Recipe WorldUITests */,
			);
		};
/* End PBXProject section */

/* Begin PBXResourcesBuildPhase section */
		5108D89327F3820800E30090 /* Resources */ = {
			isa = PBXResourcesBuildPhase;
			buildActionMask = 2147483647;
			files = (
				5108D8A027F3820A00E30090 /* Preview Assets.xcassets in Resources */,
				5108D89D27F3820A00E30090 /* Assets.xcassets in Resources */,
				CC13ABE7281A9622002FAA4D /* GoogleService-Info.plist in Resources */,
			);
			runOnlyForDeploymentPostprocessing = 0;
		};
		5108D8A827F3820B00E30090 /* Resources */ = {
			isa = PBXResourcesBuildPhase;
			buildActionMask = 2147483647;
			files = (
			);
			runOnlyForDeploymentPostprocessing = 0;
		};
		5108D8B227F3820B00E30090 /* Resources */ = {
			isa = PBXResourcesBuildPhase;
			buildActionMask = 2147483647;
			files = (
			);
			runOnlyForDeploymentPostprocessing = 0;
		};
/* End PBXResourcesBuildPhase section */

/* Begin PBXSourcesBuildPhase section */
		5108D89127F3820800E30090 /* Sources */ = {
			isa = PBXSourcesBuildPhase;
			buildActionMask = 2147483647;
			files = (
				5108D8A527F3820A00E30090 /* Recipe_World.xcdatamodeld in Sources */,
				CC13ABEB281A9AFA002FAA4D /* RecipeModel.swift in Sources */,
				5108D8A227F3820A00E30090 /* Persistence.swift in Sources */,
				CC6167752821260100C49233 /* AddNewRecipeView.swift in Sources */,
				CC13ABDB281A9387002FAA4D /* CategoryView.swift in Sources */,
				CC616773281B115200C49233 /* CategoriesView.swift in Sources */,
				CC13ABE3281A93C5002FAA4D /* ProfileView.swift in Sources */,
				CC61676F281AC13700C49233 /* RecipeSiteView.swift in Sources */,
				CC13ABF3281AABC1002FAA4D /* RecipeList.swift in Sources */,
				CC13ABED281A9E93002FAA4D /* RecipeCard.swift in Sources */,
				CC6167772821560200C49233 /* RecipeWorldViewModel.swift in Sources */,
				CC13ABD9281A937B002FAA4D /* HomeScreenView.swift in Sources */,
				CC13ABE1281A93BB002FAA4D /* FavoritesView.swift in Sources */,
				CC13ABDF281A93AF002FAA4D /* NewRecipeView.swift in Sources */,
				5108D89B27F3820800E30090 /* ContentView.swift in Sources */,
				5108D89927F3820800E30090 /* Recipe_WorldApp.swift in Sources */,
				CC13ABE9281A96F6002FAA4D /* TabBar.swift in Sources */,
			);
			runOnlyForDeploymentPostprocessing = 0;
		};
		5108D8A627F3820B00E30090 /* Sources */ = {
			isa = PBXSourcesBuildPhase;
			buildActionMask = 2147483647;
			files = (
				5108D8AF27F3820B00E30090 /* Recipe_WorldTests.swift in Sources */,
			);
			runOnlyForDeploymentPostprocessing = 0;
		};
		5108D8B027F3820B00E30090 /* Sources */ = {
			isa = PBXSourcesBuildPhase;
			buildActionMask = 2147483647;
			files = (
				5108D8B927F3820B00E30090 /* Recipe_WorldUITests.swift in Sources */,
				5108D8BB27F3820B00E30090 /* Recipe_WorldUITestsLaunchTests.swift in Sources */,
			);
			runOnlyForDeploymentPostprocessing = 0;
		};
/* End PBXSourcesBuildPhase section */

/* Begin PBXTargetDependency section */
		5108D8AC27F3820B00E30090 /* PBXTargetDependency */ = {
			isa = PBXTargetDependency;
			target = 5108D89427F3820800E30090 /* Recipe World */;
			targetProxy = 5108D8AB27F3820B00E30090 /* PBXContainerItemProxy */;
		};
		5108D8B627F3820B00E30090 /* PBXTargetDependency */ = {
			isa = PBXTargetDependency;
			target = 5108D89427F3820800E30090 /* Recipe World */;
			targetProxy = 5108D8B527F3820B00E30090 /* PBXContainerItemProxy */;
		};
/* End PBXTargetDependency section */

/* Begin XCBuildConfiguration section */
		5108D8BC27F3820B00E30090 /* Debug */ = {
			isa = XCBuildConfiguration;
			buildSettings = {
				ALWAYS_SEARCH_USER_PATHS = NO;
				CLANG_ANALYZER_NONNULL = YES;
				CLANG_ANALYZER_NUMBER_OBJECT_CONVERSION = YES_AGGRESSIVE;
				CLANG_CXX_LANGUAGE_STANDARD = "gnu++17";
				CLANG_CXX_LIBRARY = "libc++";
				CLANG_ENABLE_MODULES = YES;
				CLANG_ENABLE_OBJC_ARC = YES;
				CLANG_ENABLE_OBJC_WEAK = YES;
				CLANG_WARN_BLOCK_CAPTURE_AUTORELEASING = YES;
				CLANG_WARN_BOOL_CONVERSION = YES;
				CLANG_WARN_COMMA = YES;
				CLANG_WARN_CONSTANT_CONVERSION = YES;
				CLANG_WARN_DEPRECATED_OBJC_IMPLEMENTATIONS = YES;
				CLANG_WARN_DIRECT_OBJC_ISA_USAGE = YES_ERROR;
				CLANG_WARN_DOCUMENTATION_COMMENTS = YES;
				CLANG_WARN_EMPTY_BODY = YES;
				CLANG_WARN_ENUM_CONVERSION = YES;
				CLANG_WARN_INFINITE_RECURSION = YES;
				CLANG_WARN_INT_CONVERSION = YES;
				CLANG_WARN_NON_LITERAL_NULL_CONVERSION = YES;
				CLANG_WARN_OBJC_IMPLICIT_RETAIN_SELF = YES;
				CLANG_WARN_OBJC_LITERAL_CONVERSION = YES;
				CLANG_WARN_OBJC_ROOT_CLASS = YES_ERROR;
				CLANG_WARN_QUOTED_INCLUDE_IN_FRAMEWORK_HEADER = YES;
				CLANG_WARN_RANGE_LOOP_ANALYSIS = YES;
				CLANG_WARN_STRICT_PROTOTYPES = YES;
				CLANG_WARN_SUSPICIOUS_MOVE = YES;
				CLANG_WARN_UNGUARDED_AVAILABILITY = YES_AGGRESSIVE;
				CLANG_WARN_UNREACHABLE_CODE = YES;
				CLANG_WARN__DUPLICATE_METHOD_MATCH = YES;
				COPY_PHASE_STRIP = NO;
				DEBUG_INFORMATION_FORMAT = dwarf;
				ENABLE_STRICT_OBJC_MSGSEND = YES;
				ENABLE_TESTABILITY = YES;
				GCC_C_LANGUAGE_STANDARD = gnu11;
				GCC_DYNAMIC_NO_PIC = NO;
				GCC_NO_COMMON_BLOCKS = YES;
				GCC_OPTIMIZATION_LEVEL = 0;
				GCC_PREPROCESSOR_DEFINITIONS = (
					"DEBUG=1",
					"$(inherited)",
				);
				GCC_WARN_64_TO_32_BIT_CONVERSION = YES;
				GCC_WARN_ABOUT_RETURN_TYPE = YES_ERROR;
				GCC_WARN_UNDECLARED_SELECTOR = YES;
				GCC_WARN_UNINITIALIZED_AUTOS = YES_AGGRESSIVE;
				GCC_WARN_UNUSED_FUNCTION = YES;
				GCC_WARN_UNUSED_VARIABLE = YES;
				IPHONEOS_DEPLOYMENT_TARGET = 15.2;
				MTL_ENABLE_DEBUG_INFO = INCLUDE_SOURCE;
				MTL_FAST_MATH = YES;
				ONLY_ACTIVE_ARCH = YES;
				SDKROOT = iphoneos;
				SWIFT_ACTIVE_COMPILATION_CONDITIONS = DEBUG;
				SWIFT_OPTIMIZATION_LEVEL = "-Onone";
			};
			name = Debug;
		};
		5108D8BD27F3820B00E30090 /* Release */ = {
			isa = XCBuildConfiguration;
			buildSettings = {
				ALWAYS_SEARCH_USER_PATHS = NO;
				CLANG_ANALYZER_NONNULL = YES;
				CLANG_ANALYZER_NUMBER_OBJECT_CONVERSION = YES_AGGRESSIVE;
				CLANG_CXX_LANGUAGE_STANDARD = "gnu++17";
				CLANG_CXX_LIBRARY = "libc++";
				CLANG_ENABLE_MODULES = YES;
				CLANG_ENABLE_OBJC_ARC = YES;
				CLANG_ENABLE_OBJC_WEAK = YES;
				CLANG_WARN_BLOCK_CAPTURE_AUTORELEASING = YES;
				CLANG_WARN_BOOL_CONVERSION = YES;
				CLANG_WARN_COMMA = YES;
				CLANG_WARN_CONSTANT_CONVERSION = YES;
				CLANG_WARN_DEPRECATED_OBJC_IMPLEMENTATIONS = YES;
				CLANG_WARN_DIRECT_OBJC_ISA_USAGE = YES_ERROR;
				CLANG_WARN_DOCUMENTATION_COMMENTS = YES;
				CLANG_WARN_EMPTY_BODY = YES;
				CLANG_WARN_ENUM_CONVERSION = YES;
				CLANG_WARN_INFINITE_RECURSION = YES;
				CLANG_WARN_INT_CONVERSION = YES;
				CLANG_WARN_NON_LITERAL_NULL_CONVERSION = YES;
				CLANG_WARN_OBJC_IMPLICIT_RETAIN_SELF = YES;
				CLANG_WARN_OBJC_LITERAL_CONVERSION = YES;
				CLANG_WARN_OBJC_ROOT_CLASS = YES_ERROR;
				CLANG_WARN_QUOTED_INCLUDE_IN_FRAMEWORK_HEADER = YES;
				CLANG_WARN_RANGE_LOOP_ANALYSIS = YES;
				CLANG_WARN_STRICT_PROTOTYPES = YES;
				CLANG_WARN_SUSPICIOUS_MOVE = YES;
				CLANG_WARN_UNGUARDED_AVAILABILITY = YES_AGGRESSIVE;
				CLANG_WARN_UNREACHABLE_CODE = YES;
				CLANG_WARN__DUPLICATE_METHOD_MATCH = YES;
				COPY_PHASE_STRIP = NO;
				DEBUG_INFORMATION_FORMAT = "dwarf-with-dsym";
				ENABLE_NS_ASSERTIONS = NO;
				ENABLE_STRICT_OBJC_MSGSEND = YES;
				GCC_C_LANGUAGE_STANDARD = gnu11;
				GCC_NO_COMMON_BLOCKS = YES;
				GCC_WARN_64_TO_32_BIT_CONVERSION = YES;
				GCC_WARN_ABOUT_RETURN_TYPE = YES_ERROR;
				GCC_WARN_UNDECLARED_SELECTOR = YES;
				GCC_WARN_UNINITIALIZED_AUTOS = YES_AGGRESSIVE;
				GCC_WARN_UNUSED_FUNCTION = YES;
				GCC_WARN_UNUSED_VARIABLE = YES;
				IPHONEOS_DEPLOYMENT_TARGET = 15.2;
				MTL_ENABLE_DEBUG_INFO = NO;
				MTL_FAST_MATH = YES;
				SDKROOT = iphoneos;
				SWIFT_COMPILATION_MODE = wholemodule;
				SWIFT_OPTIMIZATION_LEVEL = "-O";
				VALIDATE_PRODUCT = YES;
			};
			name = Release;
		};
		5108D8BF27F3820B00E30090 /* Debug */ = {
			isa = XCBuildConfiguration;
			buildSettings = {
				ASSETCATALOG_COMPILER_APPICON_NAME = AppIcon;
				ASSETCATALOG_COMPILER_GLOBAL_ACCENT_COLOR_NAME = AccentColor;
				CODE_SIGN_STYLE = Automatic;
				CURRENT_PROJECT_VERSION = 1;
				DEVELOPMENT_ASSET_PATHS = "\"Recipe World/Preview Content\"";
				DEVELOPMENT_TEAM = ZWA66WWA7Z;
				ENABLE_PREVIEWS = YES;
				GENERATE_INFOPLIST_FILE = YES;
				INFOPLIST_KEY_UIApplicationSceneManifest_Generation = YES;
				INFOPLIST_KEY_UIApplicationSupportsIndirectInputEvents = YES;
				INFOPLIST_KEY_UILaunchScreen_Generation = YES;
				INFOPLIST_KEY_UISupportedInterfaceOrientations_iPad = "UIInterfaceOrientationPortrait UIInterfaceOrientationPortraitUpsideDown UIInterfaceOrientationLandscapeLeft UIInterfaceOrientationLandscapeRight";
				INFOPLIST_KEY_UISupportedInterfaceOrientations_iPhone = "UIInterfaceOrientationPortrait UIInterfaceOrientationLandscapeLeft UIInterfaceOrientationLandscapeRight";
				IPHONEOS_DEPLOYMENT_TARGET = 15.0;
				LD_RUNPATH_SEARCH_PATHS = (
					"$(inherited)",
					"@executable_path/Frameworks",
				);
				MARKETING_VERSION = 1.0;
				PRODUCT_BUNDLE_IDENTIFIER = "SWIFT.Recipe-World";
				PRODUCT_NAME = "$(TARGET_NAME)";
				SWIFT_EMIT_LOC_STRINGS = YES;
				SWIFT_VERSION = 5.0;
				TARGETED_DEVICE_FAMILY = "1,2";
			};
			name = Debug;
		};
		5108D8C027F3820B00E30090 /* Release */ = {
			isa = XCBuildConfiguration;
			buildSettings = {
				ASSETCATALOG_COMPILER_APPICON_NAME = AppIcon;
				ASSETCATALOG_COMPILER_GLOBAL_ACCENT_COLOR_NAME = AccentColor;
				CODE_SIGN_STYLE = Automatic;
				CURRENT_PROJECT_VERSION = 1;
				DEVELOPMENT_ASSET_PATHS = "\"Recipe World/Preview Content\"";
				DEVELOPMENT_TEAM = ZWA66WWA7Z;
				ENABLE_PREVIEWS = YES;
				GENERATE_INFOPLIST_FILE = YES;
				INFOPLIST_KEY_UIApplicationSceneManifest_Generation = YES;
				INFOPLIST_KEY_UIApplicationSupportsIndirectInputEvents = YES;
				INFOPLIST_KEY_UILaunchScreen_Generation = YES;
				INFOPLIST_KEY_UISupportedInterfaceOrientations_iPad = "UIInterfaceOrientationPortrait UIInterfaceOrientationPortraitUpsideDown UIInterfaceOrientationLandscapeLeft UIInterfaceOrientationLandscapeRight";
				INFOPLIST_KEY_UISupportedInterfaceOrientations_iPhone = "UIInterfaceOrientationPortrait UIInterfaceOrientationLandscapeLeft UIInterfaceOrientationLandscapeRight";
				IPHONEOS_DEPLOYMENT_TARGET = 15.0;
				LD_RUNPATH_SEARCH_PATHS = (
					"$(inherited)",
					"@executable_path/Frameworks",
				);
				MARKETING_VERSION = 1.0;
				PRODUCT_BUNDLE_IDENTIFIER = "SWIFT.Recipe-World";
				PRODUCT_NAME = "$(TARGET_NAME)";
				SWIFT_EMIT_LOC_STRINGS = YES;
				SWIFT_VERSION = 5.0;
				TARGETED_DEVICE_FAMILY = "1,2";
			};
			name = Release;
		};
		5108D8C227F3820B00E30090 /* Debug */ = {
			isa = XCBuildConfiguration;
			buildSettings = {
				ALWAYS_EMBED_SWIFT_STANDARD_LIBRARIES = YES;
				BUNDLE_LOADER = "$(TEST_HOST)";
				CODE_SIGN_STYLE = Automatic;
				CURRENT_PROJECT_VERSION = 1;
				DEVELOPMENT_TEAM = ZWA66WWA7Z;
				GENERATE_INFOPLIST_FILE = YES;
				IPHONEOS_DEPLOYMENT_TARGET = 15.0;
				MARKETING_VERSION = 1.0;
				PRODUCT_BUNDLE_IDENTIFIER = "SWIFT.Recipe-WorldTests";
				PRODUCT_NAME = "$(TARGET_NAME)";
				SWIFT_EMIT_LOC_STRINGS = NO;
				SWIFT_VERSION = 5.0;
				TARGETED_DEVICE_FAMILY = "1,2";
				TEST_HOST = "$(BUILT_PRODUCTS_DIR)/Recipe World.app/Recipe World";
			};
			name = Debug;
		};
		5108D8C327F3820B00E30090 /* Release */ = {
			isa = XCBuildConfiguration;
			buildSettings = {
				ALWAYS_EMBED_SWIFT_STANDARD_LIBRARIES = YES;
				BUNDLE_LOADER = "$(TEST_HOST)";
				CODE_SIGN_STYLE = Automatic;
				CURRENT_PROJECT_VERSION = 1;
				DEVELOPMENT_TEAM = ZWA66WWA7Z;
				GENERATE_INFOPLIST_FILE = YES;
				IPHONEOS_DEPLOYMENT_TARGET = 15.0;
				MARKETING_VERSION = 1.0;
				PRODUCT_BUNDLE_IDENTIFIER = "SWIFT.Recipe-WorldTests";
				PRODUCT_NAME = "$(TARGET_NAME)";
				SWIFT_EMIT_LOC_STRINGS = NO;
				SWIFT_VERSION = 5.0;
				TARGETED_DEVICE_FAMILY = "1,2";
				TEST_HOST = "$(BUILT_PRODUCTS_DIR)/Recipe World.app/Recipe World";
			};
			name = Release;
		};
		5108D8C527F3820B00E30090 /* Debug */ = {
			isa = XCBuildConfiguration;
			buildSettings = {
				ALWAYS_EMBED_SWIFT_STANDARD_LIBRARIES = YES;
				CODE_SIGN_STYLE = Automatic;
				CURRENT_PROJECT_VERSION = 1;
				DEVELOPMENT_TEAM = ZWA66WWA7Z;
				GENERATE_INFOPLIST_FILE = YES;
				IPHONEOS_DEPLOYMENT_TARGET = 15.0;
				MARKETING_VERSION = 1.0;
				PRODUCT_BUNDLE_IDENTIFIER = "SWIFT.Recipe-WorldUITests";
				PRODUCT_NAME = "$(TARGET_NAME)";
				SWIFT_EMIT_LOC_STRINGS = NO;
				SWIFT_VERSION = 5.0;
				TARGETED_DEVICE_FAMILY = "1,2";
				TEST_TARGET_NAME = "Recipe World";
			};
			name = Debug;
		};
		5108D8C627F3820B00E30090 /* Release */ = {
			isa = XCBuildConfiguration;
			buildSettings = {
				ALWAYS_EMBED_SWIFT_STANDARD_LIBRARIES = YES;
				CODE_SIGN_STYLE = Automatic;
				CURRENT_PROJECT_VERSION = 1;
				DEVELOPMENT_TEAM = ZWA66WWA7Z;
				GENERATE_INFOPLIST_FILE = YES;
				IPHONEOS_DEPLOYMENT_TARGET = 15.0;
				MARKETING_VERSION = 1.0;
				PRODUCT_BUNDLE_IDENTIFIER = "SWIFT.Recipe-WorldUITests";
				PRODUCT_NAME = "$(TARGET_NAME)";
				SWIFT_EMIT_LOC_STRINGS = NO;
				SWIFT_VERSION = 5.0;
				TARGETED_DEVICE_FAMILY = "1,2";
				TEST_TARGET_NAME = "Recipe World";
			};
			name = Release;
		};
/* End XCBuildConfiguration section */

/* Begin XCConfigurationList section */
		5108D89027F3820800E30090 /* Build configuration list for PBXProject "Recipe World" */ = {
			isa = XCConfigurationList;
			buildConfigurations = (
				5108D8BC27F3820B00E30090 /* Debug */,
				5108D8BD27F3820B00E30090 /* Release */,
			);
			defaultConfigurationIsVisible = 0;
			defaultConfigurationName = Release;
		};
		5108D8BE27F3820B00E30090 /* Build configuration list for PBXNativeTarget "Recipe World" */ = {
			isa = XCConfigurationList;
			buildConfigurations = (
				5108D8BF27F3820B00E30090 /* Debug */,
				5108D8C027F3820B00E30090 /* Release */,
			);
			defaultConfigurationIsVisible = 0;
			defaultConfigurationName = Release;
		};
		5108D8C127F3820B00E30090 /* Build configuration list for PBXNativeTarget "Recipe WorldTests" */ = {
			isa = XCConfigurationList;
			buildConfigurations = (
				5108D8C227F3820B00E30090 /* Debug */,
				5108D8C327F3820B00E30090 /* Release */,
			);
			defaultConfigurationIsVisible = 0;
			defaultConfigurationName = Release;
		};
		5108D8C427F3820B00E30090 /* Build configuration list for PBXNativeTarget "Recipe WorldUITests" */ = {
			isa = XCConfigurationList;
			buildConfigurations = (
				5108D8C527F3820B00E30090 /* Debug */,
				5108D8C627F3820B00E30090 /* Release */,
			);
			defaultConfigurationIsVisible = 0;
			defaultConfigurationName = Release;
		};
/* End XCConfigurationList section */

/* Begin XCRemoteSwiftPackageReference section */
		5108D8CB27F38E1200E30090 /* XCRemoteSwiftPackageReference "firebase-ios-sdk" */ = {
			isa = XCRemoteSwiftPackageReference;
			repositoryURL = "https://github.com/firebase/firebase-ios-sdk";
			requirement = {
				kind = upToNextMajorVersion;
				minimumVersion = 8.0.0;
			};
		};
/* End XCRemoteSwiftPackageReference section */

/* Begin XCSwiftPackageProductDependency section */
		5108D8CC27F38E1200E30090 /* FirebaseAnalytics */ = {
			isa = XCSwiftPackageProductDependency;
			package = 5108D8CB27F38E1200E30090 /* XCRemoteSwiftPackageReference "firebase-ios-sdk" */;
			productName = FirebaseAnalytics;
		};
		5108D8CE27F38E1200E30090 /* FirebaseAnalyticsSwift-Beta */ = {
			isa = XCSwiftPackageProductDependency;
			package = 5108D8CB27F38E1200E30090 /* XCRemoteSwiftPackageReference "firebase-ios-sdk" */;
			productName = "FirebaseAnalyticsSwift-Beta";
		};
		5108D8D027F38E1200E30090 /* FirebaseAnalyticsWithoutAdIdSupport */ = {
			isa = XCSwiftPackageProductDependency;
			package = 5108D8CB27F38E1200E30090 /* XCRemoteSwiftPackageReference "firebase-ios-sdk" */;
			productName = FirebaseAnalyticsWithoutAdIdSupport;
		};
		5108D8D227F38E1200E30090 /* FirebaseAppCheck */ = {
			isa = XCSwiftPackageProductDependency;
			package = 5108D8CB27F38E1200E30090 /* XCRemoteSwiftPackageReference "firebase-ios-sdk" */;
			productName = FirebaseAppCheck;
		};
		5108D8D427F38E1200E30090 /* FirebaseAppDistribution-Beta */ = {
			isa = XCSwiftPackageProductDependency;
			package = 5108D8CB27F38E1200E30090 /* XCRemoteSwiftPackageReference "firebase-ios-sdk" */;
			productName = "FirebaseAppDistribution-Beta";
		};
		5108D8D627F38E1200E30090 /* FirebaseAuth */ = {
			isa = XCSwiftPackageProductDependency;
			package = 5108D8CB27F38E1200E30090 /* XCRemoteSwiftPackageReference "firebase-ios-sdk" */;
			productName = FirebaseAuth;
		};
/* End XCSwiftPackageProductDependency section */

/* Begin XCVersionGroup section */
		5108D8A327F3820A00E30090 /* Recipe_World.xcdatamodeld */ = {
			isa = XCVersionGroup;
			children = (
				5108D8A427F3820A00E30090 /* Recipe_World.xcdatamodel */,
			);
			currentVersion = 5108D8A427F3820A00E30090 /* Recipe_World.xcdatamodel */;
			path = Recipe_World.xcdatamodeld;
			sourceTree = "<group>";
			versionGroupType = wrapper.xcdatamodel;
		};
/* End XCVersionGroup section */
	};
	rootObject = 5108D88D27F3820800E30090 /* Project object */;
}
